{
    "_readme": [
        "This file locks the dependencies of your project to a known state",
        "Read more about it at https://getcomposer.org/doc/01-basic-usage.md#composer-lock-the-lock-file",
        "This file is @generated automatically"
    ],
    "content-hash": "d80da3ada350db0e245e43f5e1721f40",
    "packages": [
        {
            "name": "hprose/hprose",
            "version": "v2.0.37",
            "source": {
                "type": "git",
                "url": "https://github.com/hprose/hprose-php.git",
                "reference": "589effed02c423ad60ae1d426053a4602cd8fc98"
            },
            "dist": {
                "type": "zip",
                "url": "https://api.github.com/repos/hprose/hprose-php/zipball/589effed02c423ad60ae1d426053a4602cd8fc98",
                "reference": "589effed02c423ad60ae1d426053a4602cd8fc98",
                "shasum": ""
            },
            "require": {
                "php": ">=5.3.0"
            },
            "require-dev": {
                "phpunit/phpunit": ">=4.0.0"
            },
            "suggest": {
                "ext-hprose": "Faster serialize and unserialize hprose extension."
            },
            "type": "library",
            "autoload": {
                "files": [
                    "src/init.php"
                ],
                "psr-4": {
                    "Hprose\\": "src/Hprose"
                }
            },
            "notification-url": "https://packagist.org/downloads/",
            "license": [
                "MIT"
            ],
            "authors": [
                {
                    "name": "Ma Bingyao",
                    "email": "andot@hprose.com",
                    "homepage": "http://hprose.com",
                    "role": "Developer"
                }
            ],
            "description": "It is a modern, lightweight, cross-language, cross-platform, object-oriented, high performance, remote dynamic communication middleware. It is not only easy to use, but powerful. You just need a little time to learn, then you can use it to easily construct cross language cross platform distributed application system.",
            "homepage": "http://hprose.com/",
            "keywords": [
                "HTML5",
                "Hprose",
                "Socket",
                "ajax",
                "async",
                "communication",
                "cross-domain",
                "cross-language",
                "cross-platform",
                "framework",
                "future",
                "game",
                "http",
                "json",
                "jsonrpc",
                "library",
                "middleware",
                "phprpc",
                "protocol",
                "rpc",
                "serialization",
                "serialize",
                "service",
                "tcp",
                "unix",
                "web",
                "webapi",
                "webservice",
                "websocket",
                "xmlrpc"
            ],
            "time": "2019-01-21T06:44:49+00:00"
        },
        {
            "name": "hprose/hprose-swoole",
            "version": "v2.0.8",
            "source": {
                "type": "git",
                "url": "https://github.com/hprose/hprose-swoole.git",
                "reference": "02b60bce4d03df763cc4788bff0e63a27451c323"
            },
            "dist": {
                "type": "zip",
                "url": "https://api.github.com/repos/hprose/hprose-swoole/zipball/02b60bce4d03df763cc4788bff0e63a27451c323",
                "reference": "02b60bce4d03df763cc4788bff0e63a27451c323",
                "shasum": ""
            },
            "require": {
                "ext-swoole": ">=1.8.8",
                "hprose/hprose": ">=2.0.9",
                "php": ">=5.3.0"
            },
            "require-dev": {
                "phpunit/phpunit": ">=4.0.0"
            },
            "suggest": {
                "ext-hprose": "Faster serialize and unserialize hprose extension."
            },
            "type": "library",
            "autoload": {
                "psr-4": {
                    "Hprose\\Swoole\\": "src/Hprose/Swoole"
                }
            },
            "notification-url": "https://packagist.org/downloads/",
            "license": [
                "MIT"
            ],
            "authors": [
                {
                    "name": "Ma Bingyao",
                    "email": "andot@hprose.com",
                    "homepage": "http://hprose.com",
                    "role": "Developer"
                }
            ],
            "description": "Hprose asynchronous client & standalone server based on swoole",
            "homepage": "http://hprose.com/",
            "keywords": [
                "HTML5",
                "Hprose",
                "Socket",
                "ajax",
                "async",
                "communication",
                "cross-domain",
                "cross-language",
                "cross-platform",
                "framework",
                "future",
                "game",
                "http",
                "json",
                "jsonrpc",
                "library",
                "middleware",
                "phprpc",
                "protocol",
                "rpc",
                "serialization",
                "serialize",
                "service",
                "tcp",
                "unix",
                "web",
                "webapi",
                "webservice",
                "websocket",
                "xmlrpc"
            ],
            "time": "2016-11-25T03:06:09+00:00"
        }
    ],
    "packages-dev": [],
    "aliases": [],
    "minimum-stability": "stable",
    "stability-flags": [],
    "prefer-stable": false,
    "prefer-lowest": false,
    "platform": [],
    "platform-dev": []
}
